
Microsoft Visual Studio Solution File, Format Version 12.00
# Visual Studio Version 17
VisualStudioVersion = 17.0.31903.59
MinimumVisualStudioVersion = 10.0.40219.1
Project("{FAE04EC0-301F-11D3-BF4B-00C04F79EFBC}") = "Meyers.Web", "Meyers.Web\Meyers.Web.csproj", "{D41B3057-48B3-4CE6-B449-8085EC6020EA}"
EndProject
Project("{FAE04EC0-301F-11D3-BF4B-00C04F79EFBC}") = "Meyers.Test", "Meyers.Test\Meyers.Test.csproj", "{63C28027-84A9-4B6A-9169-2F23C873D45E}"
EndProject
Global
	GlobalSection(SolutionConfigurationPlatforms) = preSolution
		Debug|Any CPU = Debug|Any CPU
		Debug|x64 = Debug|x64
		Debug|x86 = Debug|x86
		Release|Any CPU = Release|Any CPU
		Release|x64 = Release|x64
		Release|x86 = Release|x86
	EndGlobalSection
	GlobalSection(ProjectConfigurationPlatforms) = postSolution
		{D41B3057-48B3-4CE6-B449-8085EC6020EA}.Debug|Any CPU.ActiveCfg = Debug|Any CPU
		{D41B3057-48B3-4CE6-B449-8085EC6020EA}.Debug|Any CPU.Build.0 = Debug|Any CPU
		{D41B3057-48B3-4CE6-B449-8085EC6020EA}.Debug|x64.ActiveCfg = Debug|Any CPU
		{D41B3057-48B3-4CE6-B449-8085EC6020EA}.Debug|x64.Build.0 = Debug|Any CPU
		{D41B3057-48B3-4CE6-B449-8085EC6020EA}.Debug|x86.ActiveCfg = Debug|Any CPU
		{D41B3057-48B3-4CE6-B449-8085EC6020EA}.Debug|x86.Build.0 = Debug|Any CPU
		{D41B3057-48B3-4CE6-B449-8085EC6020EA}.Release|Any CPU.ActiveCfg = Release|Any CPU
		{D41B3057-48B3-4CE6-B449-8085EC6020EA}.Release|Any CPU.Build.0 = Release|Any CPU
		{D41B3057-48B3-4CE6-B449-8085EC6020EA}.Release|x64.ActiveCfg = Release|Any CPU
		{D41B3057-48B3-4CE6-B449-8085EC6020EA}.Release|x64.Build.0 = Release|Any CPU
		{D41B3057-48B3-4CE6-B449-8085EC6020EA}.Release|x86.ActiveCfg = Release|Any CPU
		{D41B3057-48B3-4CE6-B449-8085EC6020EA}.Release|x86.Build.0 = Release|Any CPU
		{63C28027-84A9-4B6A-9169-2F23C873D45E}.Debug|Any CPU.ActiveCfg = Debug|Any CPU
		{63C28027-84A9-4B6A-9169-2F23C873D45E}.Debug|Any CPU.Build.0 = Debug|Any CPU
		{63C28027-84A9-4B6A-9169-2F23C873D45E}.Debug|x64.ActiveCfg = Debug|Any CPU
		{63C28027-84A9-4B6A-9169-2F23C873D45E}.Debug|x64.Build.0 = Debug|Any CPU
		{63C28027-84A9-4B6A-9169-2F23C873D45E}.Debug|x86.ActiveCfg = Debug|Any CPU
		{63C28027-84A9-4B6A-9169-2F23C873D45E}.Debug|x86.Build.0 = Debug|Any CPU
		{63C28027-84A9-4B6A-9169-2F23C873D45E}.Release|Any CPU.ActiveCfg = Release|Any CPU
		{63C28027-84A9-4B6A-9169-2F23C873D45E}.Release|Any CPU.Build.0 = Release|Any CPU
		{63C28027-84A9-4B6A-9169-2F23C873D45E}.Release|x64.ActiveCfg = Release|Any CPU
		{63C28027-84A9-4B6A-9169-2F23C873D45E}.Release|x64.Build.0 = Release|Any CPU
		{63C28027-84A9-4B6A-9169-2F23C873D45E}.Release|x86.ActiveCfg = Release|Any CPU
		{63C28027-84A9-4B6A-9169-2F23C873D45E}.Release|x86.Build.0 = Release|Any CPU
	EndGlobalSection
	GlobalSection(SolutionProperties) = preSolution
		HideSolutionNode = FALSE
	EndGlobalSection
EndGlobal
